{
  "name": "rails-webpack-react",
  "requires": true,
  "lockfileVersion": 1,
  "dependencies": {
    "node-inspect": {
      "version": "1.11.2",
      "resolved": "https://registry.npmjs.org/node-inspect/-/node-inspect-1.11.2.tgz",
      "integrity": "sha1-Uxot+OufqLz0c6ysBJerOchGMHs="
    }
  }
}
